
Microsoft Visual Studio Solution File, Format Version 12.00
# Visual Studio Version 17
VisualStudioVersion = 17.13.35931.197
MinimumVisualStudioVersion = 10.0.40219.1
Project("{2150E333-8FDC-42A3-9474-1A3956D46DE8}") = "src", "src", "{02EA681E-C7D8-13C7-8484-4AC65E1B71E8}"
EndProject
Project("{2150E333-8FDC-42A3-9474-1A3956D46DE8}") = "test", "test", "{1EFBC03F-41D0-445F-AA6B-146358CC96C2}"
EndProject
Project("{2150E333-8FDC-42A3-9474-1A3956D46DE8}") = "Core", "Core", "{920DBF9B-9B57-4745-878E-3E358DFCA688}"
EndProject
Project("{2150E333-8FDC-42A3-9474-1A3956D46DE8}") = "Presentation", "Presentation", "{92AD6005-B7CE-42DA-91A5-E02BBAFF14B5}"
EndProject
Project("{FAE04EC0-301F-11D3-BF4B-00C04F79EFBC}") = "OnlineApartmentReservationSystem.API", "OnlineApartmentReservationSystem.API\OnlineApartmentReservationSystem.API.csproj", "{6F8894AD-1435-4128-B7AA-930E34341B26}"
EndProject
Project("{FAE04EC0-301F-11D3-BF4B-00C04F79EFBC}") = "OnlineApartmentReservationSystem.Domain", "OnlineApartmentReservationSystem.Domain\OnlineApartmentReservationSystem.Domain.csproj", "{D0660DB3-D924-4FE5-832A-592CC33133F9}"
EndProject
Project("{FAE04EC0-301F-11D3-BF4B-00C04F79EFBC}") = "OnlineApartmentReservationSystem.Application", "OnlineApartmentReservationSystem.Application\OnlineApartmentReservationSystem.Application.csproj", "{21E3834E-9E3A-405C-9343-17CDA9966CC0}"
EndProject
Project("{2150E333-8FDC-42A3-9474-1A3956D46DE8}") = "Shared", "Shared", "{9DFD8506-FA41-497F-B518-231B81DD713A}"
EndProject
Project("{FAE04EC0-301F-11D3-BF4B-00C04F79EFBC}") = "OnlineApartmentReservationSystem.Shared.Abstractions", "OnlineApartmentReservationSystem.Shared.Abstractions\OnlineApartmentReservationSystem.Shared.Abstractions.csproj", "{8F338315-2ED9-440C-9B76-4065F08CAA8D}"
EndProject
Project("{2150E333-8FDC-42A3-9474-1A3956D46DE8}") = "Infrastructure", "Infrastructure", "{ABB9840C-68B9-4A12-BA6F-1897A56DD645}"
EndProject
Project("{FAE04EC0-301F-11D3-BF4B-00C04F79EFBC}") = "OnlineApartmentReservationSystem.Infrastructure", "OnlineApartmentReservationSystem.Infrastructure\OnlineApartmentReservationSystem.Infrastructure.csproj", "{40153D57-A045-45B0-9B84-26ED16FD5E87}"
EndProject
Global
	GlobalSection(SolutionConfigurationPlatforms) = preSolution
		Debug|Any CPU = Debug|Any CPU
		Release|Any CPU = Release|Any CPU
	EndGlobalSection
	GlobalSection(ProjectConfigurationPlatforms) = postSolution
		{6F8894AD-1435-4128-B7AA-930E34341B26}.Debug|Any CPU.ActiveCfg = Debug|Any CPU
		{6F8894AD-1435-4128-B7AA-930E34341B26}.Debug|Any CPU.Build.0 = Debug|Any CPU
		{6F8894AD-1435-4128-B7AA-930E34341B26}.Release|Any CPU.ActiveCfg = Release|Any CPU
		{6F8894AD-1435-4128-B7AA-930E34341B26}.Release|Any CPU.Build.0 = Release|Any CPU
		{D0660DB3-D924-4FE5-832A-592CC33133F9}.Debug|Any CPU.ActiveCfg = Debug|Any CPU
		{D0660DB3-D924-4FE5-832A-592CC33133F9}.Debug|Any CPU.Build.0 = Debug|Any CPU
		{D0660DB3-D924-4FE5-832A-592CC33133F9}.Release|Any CPU.ActiveCfg = Release|Any CPU
		{D0660DB3-D924-4FE5-832A-592CC33133F9}.Release|Any CPU.Build.0 = Release|Any CPU
		{21E3834E-9E3A-405C-9343-17CDA9966CC0}.Debug|Any CPU.ActiveCfg = Debug|Any CPU
		{21E3834E-9E3A-405C-9343-17CDA9966CC0}.Debug|Any CPU.Build.0 = Debug|Any CPU
		{21E3834E-9E3A-405C-9343-17CDA9966CC0}.Release|Any CPU.ActiveCfg = Release|Any CPU
		{21E3834E-9E3A-405C-9343-17CDA9966CC0}.Release|Any CPU.Build.0 = Release|Any CPU
		{8F338315-2ED9-440C-9B76-4065F08CAA8D}.Debug|Any CPU.ActiveCfg = Debug|Any CPU
		{8F338315-2ED9-440C-9B76-4065F08CAA8D}.Debug|Any CPU.Build.0 = Debug|Any CPU
		{8F338315-2ED9-440C-9B76-4065F08CAA8D}.Release|Any CPU.ActiveCfg = Release|Any CPU
		{8F338315-2ED9-440C-9B76-4065F08CAA8D}.Release|Any CPU.Build.0 = Release|Any CPU
		{40153D57-A045-45B0-9B84-26ED16FD5E87}.Debug|Any CPU.ActiveCfg = Debug|Any CPU
		{40153D57-A045-45B0-9B84-26ED16FD5E87}.Debug|Any CPU.Build.0 = Debug|Any CPU
		{40153D57-A045-45B0-9B84-26ED16FD5E87}.Release|Any CPU.ActiveCfg = Release|Any CPU
		{40153D57-A045-45B0-9B84-26ED16FD5E87}.Release|Any CPU.Build.0 = Release|Any CPU
	EndGlobalSection
	GlobalSection(SolutionProperties) = preSolution
		HideSolutionNode = FALSE
	EndGlobalSection
	GlobalSection(NestedProjects) = preSolution
		{920DBF9B-9B57-4745-878E-3E358DFCA688} = {02EA681E-C7D8-13C7-8484-4AC65E1B71E8}
		{92AD6005-B7CE-42DA-91A5-E02BBAFF14B5} = {02EA681E-C7D8-13C7-8484-4AC65E1B71E8}
		{6F8894AD-1435-4128-B7AA-930E34341B26} = {92AD6005-B7CE-42DA-91A5-E02BBAFF14B5}
		{D0660DB3-D924-4FE5-832A-592CC33133F9} = {920DBF9B-9B57-4745-878E-3E358DFCA688}
		{21E3834E-9E3A-405C-9343-17CDA9966CC0} = {920DBF9B-9B57-4745-878E-3E358DFCA688}
		{9DFD8506-FA41-497F-B518-231B81DD713A} = {920DBF9B-9B57-4745-878E-3E358DFCA688}
		{8F338315-2ED9-440C-9B76-4065F08CAA8D} = {9DFD8506-FA41-497F-B518-231B81DD713A}
		{ABB9840C-68B9-4A12-BA6F-1897A56DD645} = {02EA681E-C7D8-13C7-8484-4AC65E1B71E8}
		{40153D57-A045-45B0-9B84-26ED16FD5E87} = {ABB9840C-68B9-4A12-BA6F-1897A56DD645}
	EndGlobalSection
	GlobalSection(ExtensibilityGlobals) = postSolution
		SolutionGuid = {EE4E4969-90FC-42F6-A1E3-5D4194B40C3A}
	EndGlobalSection
EndGlobal
